// !$*UTF8*$!
{
	archiveVersion = 1;
	classes = {
	};
	objectVersion = 46;
	objects = {

/* Begin PBXBuildFile section */
		141EC93229F70B8ACEB1EC4E /* Pods_BookClubbing.framework in Frameworks */ = {isa = PBXBuildFile; fileRef = 5DF83C3FA57E456C2D87795B /* Pods_BookClubbing.framework */; };
		A76A49AA1E787503005DD430 /* AppDelegate.swift in Sources */ = {isa = PBXBuildFile; fileRef = A76A49A91E787503005DD430 /* AppDelegate.swift */; };
		A76A49B11E787503005DD430 /* Assets.xcassets in Resources */ = {isa = PBXBuildFile; fileRef = A76A49B01E787503005DD430 /* Assets.xcassets */; };
		A76A49B41E787503005DD430 /* LaunchScreen.storyboard in Resources */ = {isa = PBXBuildFile; fileRef = A76A49B21E787503005DD430 /* LaunchScreen.storyboard */; };
		A76A49BD1E787B58005DD430 /* BookClubAPI.swift in Sources */ = {isa = PBXBuildFile; fileRef = A76A49BC1E787B58005DD430 /* BookClubAPI.swift */; };
		A7912BFC1E787FF6008078B9 /* Book.swift in Sources */ = {isa = PBXBuildFile; fileRef = A7912BFB1E787FF6008078B9 /* Book.swift */; };
		A7912C001E788537008078B9 /* BookCell.swift in Sources */ = {isa = PBXBuildFile; fileRef = A7912BFE1E788537008078B9 /* BookCell.swift */; };
		A7912C011E788537008078B9 /* BooksVC.swift in Sources */ = {isa = PBXBuildFile; fileRef = A7912BFF1E788537008078B9 /* BooksVC.swift */; };
		A7912C031E788A59008078B9 /* BookDetail.swift in Sources */ = {isa = PBXBuildFile; fileRef = A7912C021E788A59008078B9 /* BookDetail.swift */; };
		A7912C061E789809008078B9 /* Store.swift in Sources */ = {isa = PBXBuildFile; fileRef = A7912C051E789809008078B9 /* Store.swift */; };
		A7912C081E78A330008078B9 /* BookCreator.swift in Sources */ = {isa = PBXBuildFile; fileRef = A7912C071E78A330008078B9 /* BookCreator.swift */; };
/* End PBXBuildFile section */

/* Begin PBXFileReference section */
		12A8487D6BAC721C6D38DC8D /* Pods-BookClubbing.release.xcconfig */ = {isa = PBXFileReference; includeInIndex = 1; lastKnownFileType = text.xcconfig; name = "Pods-BookClubbing.release.xcconfig"; path = "Pods/Target Support Files/Pods-BookClubbing/Pods-BookClubbing.release.xcconfig"; sourceTree = "<group>"; };
		5DF83C3FA57E456C2D87795B /* Pods_BookClubbing.framework */ = {isa = PBXFileReference; explicitFileType = wrapper.framework; includeInIndex = 0; path = Pods_BookClubbing.framework; sourceTree = BUILT_PRODUCTS_DIR; };
		8D02D3BD5B2A3B596B6FF645 /* Pods-BookClubbing.debug.xcconfig */ = {isa = PBXFileReference; includeInIndex = 1; lastKnownFileType = text.xcconfig; name = "Pods-BookClubbing.debug.xcconfig"; path = "Pods/Target Support Files/Pods-BookClubbing/Pods-BookClubbing.debug.xcconfig"; sourceTree = "<group>"; };
		A76A49A61E787503005DD430 /* BookClubbing.app */ = {isa = PBXFileReference; explicitFileType = wrapper.application; includeInIndex = 0; path = BookClubbing.app; sourceTree = BUILT_PRODUCTS_DIR; };
		A76A49A91E787503005DD430 /* AppDelegate.swift */ = {isa = PBXFileReference; lastKnownFileType = sourcecode.swift; path = AppDelegate.swift; sourceTree = "<group>"; };
		A76A49B01E787503005DD430 /* Assets.xcassets */ = {isa = PBXFileReference; lastKnownFileType = folder.assetcatalog; path = Assets.xcassets; sourceTree = "<group>"; };
		A76A49B31E787503005DD430 /* Base */ = {isa = PBXFileReference; lastKnownFileType = file.storyboard; name = Base; path = Base.lproj/LaunchScreen.storyboard; sourceTree = "<group>"; };
		A76A49B51E787503005DD430 /* Info.plist */ = {isa = PBXFileReference; lastKnownFileType = text.plist.xml; path = Info.plist; sourceTree = "<group>"; };
		A76A49BC1E787B58005DD430 /* BookClubAPI.swift */ = {isa = PBXFileReference; fileEncoding = 4; lastKnownFileType = sourcecode.swift; path = BookClubAPI.swift; sourceTree = "<group>"; };
		A7912BFB1E787FF6008078B9 /* Book.swift */ = {isa = PBXFileReference; fileEncoding = 4; lastKnownFileType = sourcecode.swift; path = Book.swift; sourceTree = "<group>"; };
		A7912BFE1E788537008078B9 /* BookCell.swift */ = {isa = PBXFileReference; fileEncoding = 4; lastKnownFileType = sourcecode.swift; path = BookCell.swift; sourceTree = "<group>"; };
		A7912BFF1E788537008078B9 /* BooksVC.swift */ = {isa = PBXFileReference; fileEncoding = 4; lastKnownFileType = sourcecode.swift; path = BooksVC.swift; sourceTree = "<group>"; };
		A7912C021E788A59008078B9 /* BookDetail.swift */ = {isa = PBXFileReference; fileEncoding = 4; lastKnownFileType = sourcecode.swift; path = BookDetail.swift; sourceTree = "<group>"; };
		A7912C051E789809008078B9 /* Store.swift */ = {isa = PBXFileReference; fileEncoding = 4; lastKnownFileType = sourcecode.swift; path = Store.swift; sourceTree = "<group>"; };
		A7912C071E78A330008078B9 /* BookCreator.swift */ = {isa = PBXFileReference; fileEncoding = 4; lastKnownFileType = sourcecode.swift; path = BookCreator.swift; sourceTree = "<group>"; };
/* End PBXFileReference section */

/* Begin PBXFrameworksBuildPhase section */
		A76A49A31E787502005DD430 /* Frameworks */ = {
			isa = PBXFrameworksBuildPhase;
			buildActionMask = 2147483647;
			files = (
				141EC93229F70B8ACEB1EC4E /* Pods_BookClubbing.framework in Frameworks */,
			);
			runOnlyForDeploymentPostprocessing = 0;
		};
/* End PBXFrameworksBuildPhase section */

/* Begin PBXGroup section */
		6F41A23C4129EE64B31727E1 /* Frameworks */ = {
			isa = PBXGroup;
			children = (
				5DF83C3FA57E456C2D87795B /* Pods_BookClubbing.framework */,
			);
			name = Frameworks;
			sourceTree = "<group>";
		};
		A76A499D1E787502005DD430 = {
			isa = PBXGroup;
			children = (
				A76A49A81E787503005DD430 /* BookClubbing */,
				A76A49A71E787503005DD430 /* Products */,
				D48A0EC88EC8EF4D665E2C18 /* Pods */,
				6F41A23C4129EE64B31727E1 /* Frameworks */,
			);
			sourceTree = "<group>";
		};
		A76A49A71E787503005DD430 /* Products */ = {
			isa = PBXGroup;
			children = (
				A76A49A61E787503005DD430 /* BookClubbing.app */,
			);
			name = Products;
			sourceTree = "<group>";
		};
		A76A49A81E787503005DD430 /* BookClubbing */ = {
			isa = PBXGroup;
			children = (
				A76A49A91E787503005DD430 /* AppDelegate.swift */,
				A7912C041E789809008078B9 /* Data */,
				A7912BFA1E787FF6008078B9 /* Models */,
				A76A49BB1E787B58005DD430 /* Networking */,
				A7912BFD1E788537008078B9 /* Views */,
				A76A49B01E787503005DD430 /* Assets.xcassets */,
				A76A49B21E787503005DD430 /* LaunchScreen.storyboard */,
				A76A49B51E787503005DD430 /* Info.plist */,
			);
			path = BookClubbing;
			sourceTree = "<group>";
		};
		A76A49BB1E787B58005DD430 /* Networking */ = {
			isa = PBXGroup;
			children = (
				A76A49BC1E787B58005DD430 /* BookClubAPI.swift */,
			);
			path = Networking;
			sourceTree = "<group>";
		};
		A7912BFA1E787FF6008078B9 /* Models */ = {
			isa = PBXGroup;
			children = (
				A7912BFB1E787FF6008078B9 /* Book.swift */,
			);
			path = Models;
			sourceTree = "<group>";
		};
		A7912BFD1E788537008078B9 /* Views */ = {
			isa = PBXGroup;
			children = (
				A7912BFE1E788537008078B9 /* BookCell.swift */,
				A7912C071E78A330008078B9 /* BookCreator.swift */,
				A7912C021E788A59008078B9 /* BookDetail.swift */,
				A7912BFF1E788537008078B9 /* BooksVC.swift */,
			);
			path = Views;
			sourceTree = "<group>";
		};
		A7912C041E789809008078B9 /* Data */ = {
			isa = PBXGroup;
			children = (
				A7912C051E789809008078B9 /* Store.swift */,
			);
			path = Data;
			sourceTree = "<group>";
		};
		D48A0EC88EC8EF4D665E2C18 /* Pods */ = {
			isa = PBXGroup;
			children = (
				8D02D3BD5B2A3B596B6FF645 /* Pods-BookClubbing.debug.xcconfig */,
				12A8487D6BAC721C6D38DC8D /* Pods-BookClubbing.release.xcconfig */,
			);
			name = Pods;
			sourceTree = "<group>";
		};
/* End PBXGroup section */

/* Begin PBXNativeTarget section */
		A76A49A51E787502005DD430 /* BookClubbing */ = {
			isa = PBXNativeTarget;
			buildConfigurationList = A76A49B81E787503005DD430 /* Build configuration list for PBXNativeTarget "BookClubbing" */;
			buildPhases = (
				5B8C5E67B7FAB70829CCEEBE /* [CP] Check Pods Manifest.lock */,
				A76A49A21E787502005DD430 /* Sources */,
				A76A49A31E787502005DD430 /* Frameworks */,
				A76A49A41E787502005DD430 /* Resources */,
				AD2E9B58893D9442CDBED834 /* [CP] Embed Pods Frameworks */,
				25A7EB7858EB882E6A3F12CC /* [CP] Copy Pods Resources */,
			);
			buildRules = (
			);
			dependencies = (
			);
			name = BookClubbing;
			productName = BookClubbing;
			productReference = A76A49A61E787503005DD430 /* BookClubbing.app */;
			productType = "com.apple.product-type.application";
		};
/* End PBXNativeTarget section */

/* Begin PBXProject section */
		A76A499E1E787502005DD430 /* Project object */ = {
			isa = PBXProject;
			attributes = {
				LastSwiftUpdateCheck = 0820;
				LastUpgradeCheck = 0820;
				ORGANIZATIONNAME = "Oliver ";
				TargetAttributes = {
					A76A49A51E787502005DD430 = {
						CreatedOnToolsVersion = 8.2.1;
						ProvisioningStyle = Automatic;
					};
				};
			};
			buildConfigurationList = A76A49A11E787502005DD430 /* Build configuration list for PBXProject "BookClubbing" */;
			compatibilityVersion = "Xcode 3.2";
			developmentRegion = English;
			hasScannedForEncodings = 0;
			knownRegions = (
				en,
				Base,
			);
			mainGroup = A76A499D1E787502005DD430;
			productRefGroup = A76A49A71E787503005DD430 /* Products */;
			projectDirPath = "";
			projectRoot = "";
			targets = (
				A76A49A51E787502005DD430 /* BookClubbing */,
			);
		};
/* End PBXProject section */

/* Begin PBXResourcesBuildPhase section */
		A76A49A41E787502005DD430 /* Resources */ = {
			isa = PBXResourcesBuildPhase;
			buildActionMask = 2147483647;
			files = (
				A76A49B41E787503005DD430 /* LaunchScreen.storyboard in Resources */,
				A76A49B11E787503005DD430 /* Assets.xcassets in Resources */,
			);
			runOnlyForDeploymentPostprocessing = 0;
		};
/* End PBXResourcesBuildPhase section */

/* Begin PBXShellScriptBuildPhase section */
		25A7EB7858EB882E6A3F12CC /* [CP] Copy Pods Resources */ = {
			isa = PBXShellScriptBuildPhase;
			buildActionMask = 2147483647;
			files = (
			);
			inputPaths = (
			);
			name = "[CP] Copy Pods Resources";
			outputPaths = (
			);
			runOnlyForDeploymentPostprocessing = 0;
			shellPath = /bin/sh;
			shellScript = "\"${SRCROOT}/Pods/Target Support Files/Pods-BookClubbing/Pods-BookClubbing-resources.sh\"\n";
			showEnvVarsInLog = 0;
		};
		5B8C5E67B7FAB70829CCEEBE /* [CP] Check Pods Manifest.lock */ = {
			isa = PBXShellScriptBuildPhase;
			buildActionMask = 2147483647;
			files = (
			);
			inputPaths = (
			);
			name = "[CP] Check Pods Manifest.lock";
			outputPaths = (
			);
			runOnlyForDeploymentPostprocessing = 0;
			shellPath = /bin/sh;
			shellScript = "diff \"${PODS_ROOT}/../Podfile.lock\" \"${PODS_ROOT}/Manifest.lock\" > /dev/null\nif [ $? != 0 ] ; then\n    # print error to STDERR\n    echo \"error: The sandbox is not in sync with the Podfile.lock. Run 'pod install' or update your CocoaPods installation.\" >&2\n    exit 1\nfi\n";
			showEnvVarsInLog = 0;
		};
		AD2E9B58893D9442CDBED834 /* [CP] Embed Pods Frameworks */ = {
			isa = PBXShellScriptBuildPhase;
			buildActionMask = 2147483647;
			files = (
			);
			inputPaths = (
			);
			name = "[CP] Embed Pods Frameworks";
			outputPaths = (
			);
			runOnlyForDeploymentPostprocessing = 0;
			shellPath = /bin/sh;
			shellScript = "\"${SRCROOT}/Pods/Target Support Files/Pods-BookClubbing/Pods-BookClubbing-frameworks.sh\"\n";
			showEnvVarsInLog = 0;
		};
/* End PBXShellScriptBuildPhase section */

/* Begin PBXSourcesBuildPhase section */
		A76A49A21E787502005DD430 /* Sources */ = {
			isa = PBXSourcesBuildPhase;
			buildActionMask = 2147483647;
			files = (
				A7912C061E789809008078B9 /* Store.swift in Sources */,
				A7912BFC1E787FF6008078B9 /* Book.swift in Sources */,
				A7912C011E788537008078B9 /* BooksVC.swift in Sources */,
				A76A49BD1E787B58005DD430 /* BookClubAPI.swift in Sources */,
				A76A49AA1E787503005DD430 /* AppDelegate.swift in Sources */,
				A7912C001E788537008078B9 /* BookCell.swift in Sources */,
				A7912C031E788A59008078B9 /* BookDetail.swift in Sources */,
				A7912C081E78A330008078B9 /* BookCreator.swift in Sources */,
			);
			runOnlyForDeploymentPostprocessing = 0;
		};
/* End PBXSourcesBuildPhase section */

/* Begin PBXVariantGroup section */
		A76A49B21E787503005DD430 /* LaunchScreen.storyboard */ = {
			isa = PBXVariantGroup;
			children = (
				A76A49B31E787503005DD430 /* Base */,
			);
			name = LaunchScreen.storyboard;
			sourceTree = "<group>";
		};
/* End PBXVariantGroup section */

/* Begin XCBuildConfiguration section */
		A76A49B61E787503005DD430 /* Debug */ = {
			isa = XCBuildConfiguration;
			buildSettings = {
				ALWAYS_SEARCH_USER_PATHS = NO;
				CLANG_ANALYZER_NONNULL = YES;
				CLANG_CXX_LANGUAGE_STANDARD = "gnu++0x";
				CLANG_CXX_LIBRARY = "libc++";
				CLANG_ENABLE_MODULES = YES;
				CLANG_ENABLE_OBJC_ARC = YES;
				CLANG_WARN_BOOL_CONVERSION = YES;
				CLANG_WARN_CONSTANT_CONVERSION = YES;
				CLANG_WARN_DIRECT_OBJC_ISA_USAGE = YES_ERROR;
				CLANG_WARN_DOCUMENTATION_COMMENTS = YES;
				CLANG_WARN_EMPTY_BODY = YES;
				CLANG_WARN_ENUM_CONVERSION = YES;
				CLANG_WARN_INFINITE_RECURSION = YES;
				CLANG_WARN_INT_CONVERSION = YES;
				CLANG_WARN_OBJC_ROOT_CLASS = YES_ERROR;
				CLANG_WARN_SUSPICIOUS_MOVE = YES;
				CLANG_WARN_UNREACHABLE_CODE = YES;
				CLANG_WARN__DUPLICATE_METHOD_MATCH = YES;
				"CODE_SIGN_IDENTITY[sdk=iphoneos*]" = "iPhone Developer";
				COPY_PHASE_STRIP = NO;
				DEBUG_INFORMATION_FORMAT = dwarf;
				ENABLE_STRICT_OBJC_MSGSEND = YES;
				ENABLE_TESTABILITY = YES;
				GCC_C_LANGUAGE_STANDARD = gnu99;
				GCC_DYNAMIC_NO_PIC = NO;
				GCC_NO_COMMON_BLOCKS = YES;
				GCC_OPTIMIZATION_LEVEL = 0;
				GCC_PREPROCESSOR_DEFINITIONS = (
					"DEBUG=1",
					"$(inherited)",
				);
				GCC_WARN_64_TO_32_BIT_CONVERSION = YES;
				GCC_WARN_ABOUT_RETURN_TYPE = YES_ERROR;
				GCC_WARN_UNDECLARED_SELECTOR = YES;
				GCC_WARN_UNINITIALIZED_AUTOS = YES_AGGRESSIVE;
				GCC_WARN_UNUSED_FUNCTION = YES;
				GCC_WARN_UNUSED_VARIABLE = YES;
				IPHONEOS_DEPLOYMENT_TARGET = 10.2;
				MTL_ENABLE_DEBUG_INFO = YES;
				ONLY_ACTIVE_ARCH = YES;
				SDKROOT = iphoneos;
				SWIFT_ACTIVE_COMPILATION_CONDITIONS = DEBUG;
				SWIFT_OPTIMIZATION_LEVEL = "-Onone";
				TARGETED_DEVICE_FAMILY = "1,2";
			};
			name = Debug;
		};
		A76A49B71E787503005DD430 /* Release */ = {
			isa = XCBuildConfiguration;
			buildSettings = {
				ALWAYS_SEARCH_USER_PATHS = NO;
				CLANG_ANALYZER_NONNULL = YES;
				CLANG_CXX_LANGUAGE_STANDARD = "gnu++0x";
				CLANG_CXX_LIBRARY = "libc++";
				CLANG_ENABLE_MODULES = YES;
				CLANG_ENABLE_OBJC_ARC = YES;
				CLANG_WARN_BOOL_CONVERSION = YES;
				CLANG_WARN_CONSTANT_CONVERSION = YES;
				CLANG_WARN_DIRECT_OBJC_ISA_USAGE = YES_ERROR;
				CLANG_WARN_DOCUMENTATION_COMMENTS = YES;
				CLANG_WARN_EMPTY_BODY = YES;
				CLANG_WARN_ENUM_CONVERSION = YES;
				CLANG_WARN_INFINITE_RECURSION = YES;
				CLANG_WARN_INT_CONVERSION = YES;
				CLANG_WARN_OBJC_ROOT_CLASS = YES_ERROR;
				CLANG_WARN_SUSPICIOUS_MOVE = YES;
				CLANG_WARN_UNREACHABLE_CODE = YES;
				CLANG_WARN__DUPLICATE_METHOD_MATCH = YES;
				"CODE_SIGN_IDENTITY[sdk=iphoneos*]" = "iPhone Developer";
				COPY_PHASE_STRIP = NO;
				DEBUG_INFORMATION_FORMAT = "dwarf-with-dsym";
				ENABLE_NS_ASSERTIONS = NO;
				ENABLE_STRICT_OBJC_MSGSEND = YES;
				GCC_C_LANGUAGE_STANDARD = gnu99;
				GCC_NO_COMMON_BLOCKS = YES;
				GCC_WARN_64_TO_32_BIT_CONVERSION = YES;
				GCC_WARN_ABOUT_RETURN_TYPE = YES_ERROR;
				GCC_WARN_UNDECLARED_SELECTOR = YES;
				GCC_WARN_UNINITIALIZED_AUTOS = YES_AGGRESSIVE;
				GCC_WARN_UNUSED_FUNCTION = YES;
				GCC_WARN_UNUSED_VARIABLE = YES;
				IPHONEOS_DEPLOYMENT_TARGET = 10.2;
				MTL_ENABLE_DEBUG_INFO = NO;
				SDKROOT = iphoneos;
				SWIFT_OPTIMIZATION_LEVEL = "-Owholemodule";
				TARGETED_DEVICE_FAMILY = "1,2";
				VALIDATE_PRODUCT = YES;
			};
			name = Release;
		};
		A76A49B91E787503005DD430 /* Debug */ = {
			isa = XCBuildConfiguration;
			baseConfigurationReference = 8D02D3BD5B2A3B596B6FF645 /* Pods-BookClubbing.debug.xcconfig */;
			buildSettings = {
				ASSETCATALOG_COMPILER_APPICON_NAME = AppIcon;
				INFOPLIST_FILE = BookClubbing/Info.plist;
				LD_RUNPATH_SEARCH_PATHS = "$(inherited) @executable_path/Frameworks";
				PRODUCT_BUNDLE_IDENTIFIER = com.Oliver.BookClubbing;
				PRODUCT_NAME = "$(TARGET_NAME)";
				SWIFT_VERSION = 3.0;
			};
			name = Debug;
		};
		A76A49BA1E787503005DD430 /* Release */ = {
			isa = XCBuildConfiguration;
			baseConfigurationReference = 12A8487D6BAC721C6D38DC8D /* Pods-BookClubbing.release.xcconfig */;
			buildSettings = {
				ASSETCATALOG_COMPILER_APPICON_NAME = AppIcon;
				INFOPLIST_FILE = BookClubbing/Info.plist;
				LD_RUNPATH_SEARCH_PATHS = "$(inherited) @executable_path/Frameworks";
				PRODUCT_BUNDLE_IDENTIFIER = com.Oliver.BookClubbing;
				PRODUCT_NAME = "$(TARGET_NAME)";
				SWIFT_VERSION = 3.0;
			};
			name = Release;
		};
/* End XCBuildConfiguration section */

/* Begin XCConfigurationList section */
		A76A49A11E787502005DD430 /* Build configuration list for PBXProject "BookClubbing" */ = {
			isa = XCConfigurationList;
			buildConfigurations = (
				A76A49B61E787503005DD430 /* Debug */,
				A76A49B71E787503005DD430 /* Release */,
			);
			defaultConfigurationIsVisible = 0;
			defaultConfigurationName = Release;
		};
		A76A49B81E787503005DD430 /* Build configuration list for PBXNativeTarget "BookClubbing" */ = {
			isa = XCConfigurationList;
			buildConfigurations = (
				A76A49B91E787503005DD430 /* Debug */,
				A76A49BA1E787503005DD430 /* Release */,
			);
			defaultConfigurationIsVisible = 0;
			defaultConfigurationName = Release;
		};
/* End XCConfigurationList section */
	};
	rootObject = A76A499E1E787502005DD430 /* Project object */;
}
